
Microsoft Visual Studio Solution File, Format Version 12.00
# Visual Studio Version 17
VisualStudioVersion = 17.3.32929.385
MinimumVisualStudioVersion = 10.0.40219.1
Project("{9A19103F-16F7-4668-BE54-9A1E7A4F7556}") = "IPCVideoWpf", "IPCVideoWpf.csproj", "{FFA7D943-935A-49BB-996A-F4BE28559720}"
	ProjectSection(ProjectDependencies) = postProject
		{69D772F7-B953-4CA5-A134-BEDEBA011B09} = {69D772F7-B953-4CA5-A134-BEDEBA011B09}
	EndProjectSection
EndProject
Project("{8BC9CEB8-8B4A-11D0-8D11-00A0C91BC942}") = "ipcvideo", "..\ipcvideo\ipcvideo.vcxproj", "{69D772F7-B953-4CA5-A134-BEDEBA011B09}"
EndProject
Global
	GlobalSection(SolutionConfigurationPlatforms) = preSolution
		Debug|Any CPU = Debug|Any CPU
		Debug|x64 = Debug|x64
		Debug|x86 = Debug|x86
		Release|Any CPU = Release|Any CPU
		Release|x64 = Release|x64
		Release|x86 = Release|x86
	EndGlobalSection
	GlobalSection(ProjectConfigurationPlatforms) = postSolution
		{FFA7D943-935A-49BB-996A-F4BE28559720}.Debug|Any CPU.ActiveCfg = Debug|Any CPU
		{FFA7D943-935A-49BB-996A-F4BE28559720}.Debug|Any CPU.Build.0 = Debug|Any CPU
		{FFA7D943-935A-49BB-996A-F4BE28559720}.Debug|x64.ActiveCfg = Debug|Any CPU
		{FFA7D943-935A-49BB-996A-F4BE28559720}.Debug|x64.Build.0 = Debug|Any CPU
		{FFA7D943-935A-49BB-996A-F4BE28559720}.Debug|x86.ActiveCfg = Debug|Any CPU
		{FFA7D943-935A-49BB-996A-F4BE28559720}.Debug|x86.Build.0 = Debug|Any CPU
		{FFA7D943-935A-49BB-996A-F4BE28559720}.Release|Any CPU.ActiveCfg = Release|Any CPU
		{FFA7D943-935A-49BB-996A-F4BE28559720}.Release|Any CPU.Build.0 = Release|Any CPU
		{FFA7D943-935A-49BB-996A-F4BE28559720}.Release|x64.ActiveCfg = Release|Any CPU
		{FFA7D943-935A-49BB-996A-F4BE28559720}.Release|x64.Build.0 = Release|Any CPU
		{FFA7D943-935A-49BB-996A-F4BE28559720}.Release|x86.ActiveCfg = Release|Any CPU
		{FFA7D943-935A-49BB-996A-F4BE28559720}.Release|x86.Build.0 = Release|Any CPU
		{69D772F7-B953-4CA5-A134-BEDEBA011B09}.Debug|Any CPU.ActiveCfg = Debug|x64
		{69D772F7-B953-4CA5-A134-BEDEBA011B09}.Debug|Any CPU.Build.0 = Debug|x64
		{69D772F7-B953-4CA5-A134-BEDEBA011B09}.Debug|x64.ActiveCfg = Debug|x64
		{69D772F7-B953-4CA5-A134-BEDEBA011B09}.Debug|x64.Build.0 = Debug|x64
		{69D772F7-B953-4CA5-A134-BEDEBA011B09}.Debug|x86.ActiveCfg = Debug|Win32
		{69D772F7-B953-4CA5-A134-BEDEBA011B09}.Debug|x86.Build.0 = Debug|Win32
		{69D772F7-B953-4CA5-A134-BEDEBA011B09}.Release|Any CPU.ActiveCfg = Release|x64
		{69D772F7-B953-4CA5-A134-BEDEBA011B09}.Release|Any CPU.Build.0 = Release|x64
		{69D772F7-B953-4CA5-A134-BEDEBA011B09}.Release|x64.ActiveCfg = Release|x64
		{69D772F7-B953-4CA5-A134-BEDEBA011B09}.Release|x64.Build.0 = Release|x64
		{69D772F7-B953-4CA5-A134-BEDEBA011B09}.Release|x86.ActiveCfg = Release|Win32
		{69D772F7-B953-4CA5-A134-BEDEBA011B09}.Release|x86.Build.0 = Release|Win32
	EndGlobalSection
	GlobalSection(SolutionProperties) = preSolution
		HideSolutionNode = FALSE
	EndGlobalSection
	GlobalSection(ExtensibilityGlobals) = postSolution
		SolutionGuid = {6351974A-A2FB-4948-AF88-7F39F41DB0D8}
	EndGlobalSection
EndGlobal
